<?xml version="1.0" encoding="utf-8"?>
<Project ToolsVersion="4.0" xmlns="http://schemas.microsoft.com/developer/msbuild/2003">
  <ItemGroup>
    <Filter Include="Source Files">
      <UniqueIdentifier>{4FC737F1-C7A5-4376-A066-2A32D752A2FF}</UniqueIdentifier>
      <Extensions>qml;cpp;c;cc;cxx;def;odl;idl;hpj;bat;asm;asmx</Extensions>
    </Filter>
    <Filter Include="Header Files">
      <UniqueIdentifier>{93995380-89BD-4b04-88EB-625FBE52EBFB}</UniqueIdentifier>
      <Extensions>h;hh;hpp;hxx;hm;inl;inc;xsd</Extensions>
    </Filter>
    <Filter Include="Resource Files">
      <UniqueIdentifier>{67DA6AB6-F800-4c08-8B7A-83BB121AAD01}</UniqueIdentifier>
      <Extensions>qrc;rc;ico;cur;bmp;dlg;rc2;rct;bin;rgs;gif;jpg;jpeg;jpe;resx;tiff;tif;png;wav;mfcribbon-ms</Extensions>
    </Filter>
    <Filter Include="Form Files">
      <UniqueIdentifier>{99349809-55BA-4b9d-BF79-8FDBB0286EB3}</UniqueIdentifier>
      <Extensions>ui</Extensions>
    </Filter>
    <Filter Include="Translation Files">
      <UniqueIdentifier>{639EADAA-A684-42e4-A9AD-28FC9BCB8F7C}</UniqueIdentifier>
      <Extensions>ts</Extensions>
    </Filter>
  </ItemGroup>
  <ItemGroup>
    <QtRcc Include="LinkedOut.qrc">
      <Filter>Resource Files</Filter>
    </QtRcc>
    <QtUic Include="LinkedOut.ui">
      <Filter>Form Files</Filter>
    </QtUic>
  </ItemGroup>
  <ItemGroup>
    <ClCompile Include="Core\Application.cpp">
      <Filter>Source Files</Filter>
    </ClCompile>
    <ClCompile Include="Core\Window.cpp">
      <Filter>Source Files</Filter>
    </ClCompile>
    <ClCompile Include="Layers\MainLayer.cpp">
      <Filter>Source Files</Filter>
    </ClCompile>
    <ClCompile Include="Core\DatabaseManager.cpp">
      <Filter>Source Files</Filter>
    </ClCompile>
    <ClCompile Include="Layers\SignupLayer.cpp">
      <Filter>Source Files</Filter>
    </ClCompile>
    <ClCompile Include="Layers\LoginLayer.cpp">
      <Filter>Source Files</Filter>
    </ClCompile>
    <ClCompile Include="Layers\ErrorLayer.cpp">
      <Filter>Source Files</Filter>
    </ClCompile>
    <ClCompile Include="Layers\SplashLayer.cpp">
      <Filter>Source Files</Filter>
    </ClCompile>
    <ClCompile Include="Layers\UserInformationLayer.cpp">
      <Filter>Source Files</Filter>
    </ClCompile>
    <ClCompile Include="Layers\NavigationMenu.cpp">
      <Filter>Source Files</Filter>
    </ClCompile>
    <ClCompile Include="Layers\HomeLayer.cpp">
      <Filter>Source Files</Filter>
    </ClCompile>
    <ClCompile Include="Core\PasswordUtils.cpp">
      <Filter>Source Files</Filter>
    </ClCompile>
    <ClCompile Include="Layers\PostUI.cpp">
      <Filter>Source Files</Filter>
    </ClCompile>
    <ClCompile Include="Layers\CommentUI.cpp">
      <Filter>Source Files</Filter>
    </ClCompile>
    <ClCompile Include="Core\Job.cpp">
      <Filter>Source Files</Filter>
    </ClCompile>
    <ClCompile Include="Core\Person.cpp">
      <Filter>Source Files</Filter>
    </ClCompile>
    <ClCompile Include="Core\Post.cpp">
      <Filter>Source Files</Filter>
    </ClCompile>
    <ClCompile Include="Layers\JobPanel.cpp">
      <Filter>Source Files</Filter>
    </ClCompile>
    <ClCompile Include="Core\Company.cpp">
      <Filter>Source Files</Filter>
    </ClCompile>
    <ClCompile Include="Layers\NetworkPanel.cpp">
      <Filter>Source Files</Filter>
    </ClCompile>
    <ClCompile Include="Layers\MessagePanel.cpp">
      <Filter>Source Files</Filter>
    </ClCompile>
    <ClCompile Include="Layers\ProfilePanel.cpp">
      <Filter>Source Files</Filter>
    </ClCompile>
    <ClCompile Include="Layers\OtherProfilePanel.cpp">
      <Filter>Source Files</Filter>
    </ClCompile>
  </ItemGroup>
  <ItemGroup>
    <ClInclude Include="Core\Application.h">
      <Filter>Header Files</Filter>
    </ClInclude>
    <ClInclude Include="Core\Base.h">
      <Filter>Header Files</Filter>
    </ClInclude>
    <ClInclude Include="Core\Layer.h">
      <Filter>Header Files</Filter>
    </ClInclude>
    <ClInclude Include="Core\Window.h">
      <Filter>Header Files</Filter>
    </ClInclude>
    <ClInclude Include="Layers\MainLayer.h">
      <Filter>Header Files</Filter>
    </ClInclude>
    <ClInclude Include="Core\Random.h">
      <Filter>Header Files</Filter>
    </ClInclude>
    <ClInclude Include="Core\DatabaseManager.h">
      <Filter>Header Files</Filter>
    </ClInclude>
    <ClInclude Include="Layers\SignupLayer.h">
      <Filter>Header Files</Filter>
    </ClInclude>
    <ClInclude Include="Layers\LoginLayer.h">
      <Filter>Header Files</Filter>
    </ClInclude>
    <ClInclude Include="Layers\ErrorLayer.h">
      <Filter>Header Files</Filter>
    </ClInclude>
    <ClInclude Include="Layers\SplashLayer.h">
      <Filter>Header Files</Filter>
    </ClInclude>
    <ClInclude Include="Layers\CommonErrors.h">
      <Filter>Header Files</Filter>
    </ClInclude>
    <ClInclude Include="CustomUI\UnitLengthInput.h">
      <Filter>Header Files</Filter>
    </ClInclude>
    <ClInclude Include="Layers\UserInformationLayer.h">
      <Filter>Header Files</Filter>
    </ClInclude>
    <ClInclude Include="Layers\NavigationMenu.h">
      <Filter>Header Files</Filter>
    </ClInclude>
    <ClInclude Include="CustomUI\Division.h">
      <Filter>Header Files</Filter>
    </ClInclude>
    <ClInclude Include="Core\PasswordUtils.h">
      <Filter>Header Files</Filter>
    </ClInclude>
    <ClInclude Include="CustomUI\Separator.h">
      <Filter>Header Files</Filter>
    </ClInclude>
    <ClInclude Include="Core\Time.h">
      <Filter>Header Files</Filter>
    </ClInclude>
    <ClInclude Include="Core\Content.h">
      <Filter>Header Files</Filter>
    </ClInclude>
    <ClInclude Include="Core\DirectMessage.h">
      <Filter>Header Files</Filter>
    </ClInclude>
    <ClInclude Include="Core\Comment.h">
      <Filter>Header Files</Filter>
    </ClInclude>
    <ClInclude Include="Core\Post.h">
      <Filter>Header Files</Filter>
    </ClInclude>
    <ClInclude Include="Core\Like.h">
      <Filter>Header Files</Filter>
    </ClInclude>
    <ClInclude Include="Core\Account.h">
      <Filter>Header Files</Filter>
    </ClInclude>
    <ClInclude Include="Core\Person.h">
      <Filter>Header Files</Filter>
    </ClInclude>
    <ClInclude Include="Core\Job.h">
      <Filter>Header Files</Filter>
    </ClInclude>
    <ClInclude Include="Core\Skill.h">
      <Filter>Header Files</Filter>
    </ClInclude>
    <ClInclude Include="Core\Company.h">
      <Filter>Header Files</Filter>
    </ClInclude>
    <ClInclude Include="Layers\CommentUI.h">
      <Filter>Header Files</Filter>
    </ClInclude>
    <ClInclude Include="Layers\HomeLayer.h">
      <Filter>Header Files</Filter>
    </ClInclude>
    <ClInclude Include="Layers\DirectMessagePanel.h">
      <Filter>Header Files</Filter>
    </ClInclude>
    <ClInclude Include="Layers\JobPanel.h">
      <Filter>Header Files</Filter>
    </ClInclude>
    <ClInclude Include="Layers\NetworkPanel.h">
      <Filter>Header Files</Filter>
    </ClInclude>
    <ClInclude Include="Layers\MessagePanel.h">
      <Filter>Header Files</Filter>
    </ClInclude>
    <ClInclude Include="Layers\ProfilePanel.h">
      <Filter>Header Files</Filter>
    </ClInclude>
    <ClInclude Include="Layers\OtherProfilePanel.h">
      <Filter>Header Files</Filter>
    </ClInclude>
  </ItemGroup>
  <ItemGroup>
    <QtMoc Include="CustomUI\ClickableLabel.h">
      <Filter>Header Files</Filter>
    </QtMoc>
    <QtMoc Include="CustomUI\PopupWindow.h">
      <Filter>Header Files</Filter>
    </QtMoc>
    <QtMoc Include="CustomUI\SearchBar.h">
      <Filter>Header Files</Filter>
    </QtMoc>
    <QtMoc Include="CustomUI\TitledButton.h">
      <Filter>Header Files</Filter>
    </QtMoc>
    <QtMoc Include="Layers\PostUI.h">
      <Filter>Header Files</Filter>
    </QtMoc>
    <QtMoc Include="CustomUI\TreeNode.h">
      <Filter>Header Files</Filter>
    </QtMoc>
    <QtMoc Include="CustomUI\HomeLayerUI.h">
      <Filter>Header Files</Filter>
    </QtMoc>
    <QtMoc Include="Layers\NavPanel.h">
      <Filter>Header Files</Filter>
    </QtMoc>
    <QtMoc Include="CustomUI\NetworkPanelUI.h">
      <Filter>Header Files</Filter>
    </QtMoc>
    <QtMoc Include="CustomUI\MessagingPanelUI.h">
      <Filter>Header Files</Filter>
    </QtMoc>
    <QtMoc Include="main.cpp">
      <Filter>Source Files</Filter>
    </QtMoc>
    <QtMoc Include="CustomUI\ComboboxList.h">
      <Filter>Header Files</Filter>
    </QtMoc>
    <QtMoc Include="CustomUI\JobPanelUI.h">
      <Filter>Header Files</Filter>
    </QtMoc>
    <QtMoc Include="CustomUI\LoginUI.h">
      <Filter>Header Files</Filter>
    </QtMoc>
    <QtMoc Include="CustomUI\ProfilePanelUI.h">
      <Filter>Header Files</Filter>
    </QtMoc>
    <QtMoc Include="CustomUI\SignupUI.h">
      <Filter>Header Files</Filter>
    </QtMoc>
  </ItemGroup>
</Project>